// !$*UTF8*$!
{
	archiveVersion = 1;
	classes = {
	};
	objectVersion = 56;
	objects = {

/* Begin PBXBuildFile section */
		848000022997EF9C00BE05A0 /* viaplaySectionsTests.swift in Sources */ = {isa = PBXBuildFile; fileRef = 848000012997EF9C00BE05A0 /* viaplaySectionsTests.swift */; };
		8480000C2997EF9C00BE05A0 /* viaplaySectionsUITests.swift in Sources */ = {isa = PBXBuildFile; fileRef = 8480000B2997EF9C00BE05A0 /* viaplaySectionsUITests.swift */; };
		8480000E2997EF9C00BE05A0 /* viaplaySectionsUITestsLaunchTests.swift in Sources */ = {isa = PBXBuildFile; fileRef = 8480000D2997EF9C00BE05A0 /* viaplaySectionsUITestsLaunchTests.swift */; };
		8480001C2997F02600BE05A0 /* ViaplaySectionsViewModel.swift in Sources */ = {isa = PBXBuildFile; fileRef = 8480001B2997F02600BE05A0 /* ViaplaySectionsViewModel.swift */; };
		8480FFF02997EF9B00BE05A0 /* viaplaySectionsApp.swift in Sources */ = {isa = PBXBuildFile; fileRef = 8480FFEF2997EF9B00BE05A0 /* viaplaySectionsApp.swift */; };
		8480FFF22997EF9B00BE05A0 /* ViaplaySectionsView.swift in Sources */ = {isa = PBXBuildFile; fileRef = 8480FFF12997EF9B00BE05A0 /* ViaplaySectionsView.swift */; };
		8480FFF42997EF9C00BE05A0 /* Assets.xcassets in Resources */ = {isa = PBXBuildFile; fileRef = 8480FFF32997EF9C00BE05A0 /* Assets.xcassets */; };
		8480FFF82997EF9C00BE05A0 /* Preview Assets.xcassets in Resources */ = {isa = PBXBuildFile; fileRef = 8480FFF72997EF9C00BE05A0 /* Preview Assets.xcassets */; };
/* End PBXBuildFile section */

/* Begin PBXContainerItemProxy section */
		848000082997EF9C00BE05A0 /* PBXContainerItemProxy */ = {
			isa = PBXContainerItemProxy;
			containerPortal = 8480FFE42997EF9B00BE05A0 /* Project object */;
			proxyType = 1;
			remoteGlobalIDString = 8480FFEB2997EF9B00BE05A0;
			remoteInfo = viaplaySections;
		};
		8480FFFE2997EF9C00BE05A0 /* PBXContainerItemProxy */ = {
			isa = PBXContainerItemProxy;
			containerPortal = 8480FFE42997EF9B00BE05A0 /* Project object */;
			proxyType = 1;
			remoteGlobalIDString = 8480FFEB2997EF9B00BE05A0;
			remoteInfo = viaplaySections;
		};
/* End PBXContainerItemProxy section */

/* Begin PBXFileReference section */
		848000012997EF9C00BE05A0 /* viaplaySectionsTests.swift */ = {isa = PBXFileReference; lastKnownFileType = sourcecode.swift; path = viaplaySectionsTests.swift; sourceTree = "<group>"; };
		848000072997EF9C00BE05A0 /* viaplaySectionsUITests.xctest */ = {isa = PBXFileReference; explicitFileType = wrapper.cfbundle; includeInIndex = 0; path = viaplaySectionsUITests.xctest; sourceTree = BUILT_PRODUCTS_DIR; };
		8480000B2997EF9C00BE05A0 /* viaplaySectionsUITests.swift */ = {isa = PBXFileReference; lastKnownFileType = sourcecode.swift; path = viaplaySectionsUITests.swift; sourceTree = "<group>"; };
		8480000D2997EF9C00BE05A0 /* viaplaySectionsUITestsLaunchTests.swift */ = {isa = PBXFileReference; lastKnownFileType = sourcecode.swift; path = viaplaySectionsUITestsLaunchTests.swift; sourceTree = "<group>"; };
		8480001B2997F02600BE05A0 /* ViaplaySectionsViewModel.swift */ = {isa = PBXFileReference; lastKnownFileType = sourcecode.swift; path = ViaplaySectionsViewModel.swift; sourceTree = "<group>"; };
		8480FFEC2997EF9B00BE05A0 /* viaplaySections.app */ = {isa = PBXFileReference; explicitFileType = wrapper.application; includeInIndex = 0; path = viaplaySections.app; sourceTree = BUILT_PRODUCTS_DIR; };
		8480FFEF2997EF9B00BE05A0 /* viaplaySectionsApp.swift */ = {isa = PBXFileReference; lastKnownFileType = sourcecode.swift; path = viaplaySectionsApp.swift; sourceTree = "<group>"; };
		8480FFF12997EF9B00BE05A0 /* ViaplaySectionsView.swift */ = {isa = PBXFileReference; lastKnownFileType = sourcecode.swift; path = ViaplaySectionsView.swift; sourceTree = "<group>"; };
		8480FFF32997EF9C00BE05A0 /* Assets.xcassets */ = {isa = PBXFileReference; lastKnownFileType = folder.assetcatalog; path = Assets.xcassets; sourceTree = "<group>"; };
		8480FFF52997EF9C00BE05A0 /* viaplaySections.entitlements */ = {isa = PBXFileReference; lastKnownFileType = text.plist.entitlements; path = viaplaySections.entitlements; sourceTree = "<group>"; };
		8480FFF72997EF9C00BE05A0 /* Preview Assets.xcassets */ = {isa = PBXFileReference; lastKnownFileType = folder.assetcatalog; path = "Preview Assets.xcassets"; sourceTree = "<group>"; };
		8480FFFD2997EF9C00BE05A0 /* viaplaySectionsTests.xctest */ = {isa = PBXFileReference; explicitFileType = wrapper.cfbundle; includeInIndex = 0; path = viaplaySectionsTests.xctest; sourceTree = BUILT_PRODUCTS_DIR; };
/* End PBXFileReference section */

/* Begin PBXFrameworksBuildPhase section */
		848000042997EF9C00BE05A0 /* Frameworks */ = {
			isa = PBXFrameworksBuildPhase;
			buildActionMask = 2147483647;
			files = (
			);
			runOnlyForDeploymentPostprocessing = 0;
		};
		8480FFE92997EF9B00BE05A0 /* Frameworks */ = {
			isa = PBXFrameworksBuildPhase;
			buildActionMask = 2147483647;
			files = (
			);
			runOnlyForDeploymentPostprocessing = 0;
		};
		8480FFFA2997EF9C00BE05A0 /* Frameworks */ = {
			isa = PBXFrameworksBuildPhase;
			buildActionMask = 2147483647;
			files = (
			);
			runOnlyForDeploymentPostprocessing = 0;
		};
/* End PBXFrameworksBuildPhase section */

/* Begin PBXGroup section */
		848000002997EF9C00BE05A0 /* viaplaySectionsTests */ = {
			isa = PBXGroup;
			children = (
				848000012997EF9C00BE05A0 /* viaplaySectionsTests.swift */,
			);
			path = viaplaySectionsTests;
			sourceTree = "<group>";
		};
		8480000A2997EF9C00BE05A0 /* viaplaySectionsUITests */ = {
			isa = PBXGroup;
			children = (
				8480000B2997EF9C00BE05A0 /* viaplaySectionsUITests.swift */,
				8480000D2997EF9C00BE05A0 /* viaplaySectionsUITestsLaunchTests.swift */,
			);
			path = viaplaySectionsUITests;
			sourceTree = "<group>";
		};
		8480001A2997F01400BE05A0 /* ViaplaySections */ = {
			isa = PBXGroup;
			children = (
				8480001B2997F02600BE05A0 /* ViaplaySectionsViewModel.swift */,
				8480FFF12997EF9B00BE05A0 /* ViaplaySectionsView.swift */,
			);
			path = ViaplaySections;
			sourceTree = "<group>";
		};
		8480FFE32997EF9B00BE05A0 = {
			isa = PBXGroup;
			children = (
				8480FFEE2997EF9B00BE05A0 /* viaplaySections */,
				848000002997EF9C00BE05A0 /* viaplaySectionsTests */,
				8480000A2997EF9C00BE05A0 /* viaplaySectionsUITests */,
				8480FFED2997EF9B00BE05A0 /* Products */,
			);
			sourceTree = "<group>";
		};
		8480FFED2997EF9B00BE05A0 /* Products */ = {
			isa = PBXGroup;
			children = (
				8480FFEC2997EF9B00BE05A0 /* viaplaySections.app */,
				8480FFFD2997EF9C00BE05A0 /* viaplaySectionsTests.xctest */,
				848000072997EF9C00BE05A0 /* viaplaySectionsUITests.xctest */,
			);
			name = Products;
			sourceTree = "<group>";
		};
		8480FFEE2997EF9B00BE05A0 /* viaplaySections */ = {
			isa = PBXGroup;
			children = (
				8480001A2997F01400BE05A0 /* ViaplaySections */,
				8480FFEF2997EF9B00BE05A0 /* viaplaySectionsApp.swift */,
				8480FFF32997EF9C00BE05A0 /* Assets.xcassets */,
				8480FFF52997EF9C00BE05A0 /* viaplaySections.entitlements */,
				8480FFF62997EF9C00BE05A0 /* Preview Content */,
			);
			path = viaplaySections;
			sourceTree = "<group>";
		};
		8480FFF62997EF9C00BE05A0 /* Preview Content */ = {
			isa = PBXGroup;
			children = (
				8480FFF72997EF9C00BE05A0 /* Preview Assets.xcassets */,
			);
			path = "Preview Content";
			sourceTree = "<group>";
		};
/* End PBXGroup section */

/* Begin PBXNativeTarget section */
		848000062997EF9C00BE05A0 /* viaplaySectionsUITests */ = {
			isa = PBXNativeTarget;
			buildConfigurationList = 848000172997EF9C00BE05A0 /* Build configuration list for PBXNativeTarget "viaplaySectionsUITests" */;
			buildPhases = (
				848000032997EF9C00BE05A0 /* Sources */,
				848000042997EF9C00BE05A0 /* Frameworks */,
				848000052997EF9C00BE05A0 /* Resources */,
			);
			buildRules = (
			);
			dependencies = (
				848000092997EF9C00BE05A0 /* PBXTargetDependency */,
			);
			name = viaplaySectionsUITests;
			productName = viaplaySectionsUITests;
			productReference = 848000072997EF9C00BE05A0 /* viaplaySectionsUITests.xctest */;
			productType = "com.apple.product-type.bundle.ui-testing";
		};
		8480FFEB2997EF9B00BE05A0 /* viaplaySections */ = {
			isa = PBXNativeTarget;
			buildConfigurationList = 848000112997EF9C00BE05A0 /* Build configuration list for PBXNativeTarget "viaplaySections" */;
			buildPhases = (
				8480FFE82997EF9B00BE05A0 /* Sources */,
				8480FFE92997EF9B00BE05A0 /* Frameworks */,
				8480FFEA2997EF9B00BE05A0 /* Resources */,
			);
			buildRules = (
			);
			dependencies = (
			);
			name = viaplaySections;
			productName = viaplaySections;
			productReference = 8480FFEC2997EF9B00BE05A0 /* viaplaySections.app */;
			productType = "com.apple.product-type.application";
		};
		8480FFFC2997EF9C00BE05A0 /* viaplaySectionsTests */ = {
			isa = PBXNativeTarget;
			buildConfigurationList = 848000142997EF9C00BE05A0 /* Build configuration list for PBXNativeTarget "viaplaySectionsTests" */;
			buildPhases = (
				8480FFF92997EF9C00BE05A0 /* Sources */,
				8480FFFA2997EF9C00BE05A0 /* Frameworks */,
				8480FFFB2997EF9C00BE05A0 /* Resources */,
			);
			buildRules = (
			);
			dependencies = (
				8480FFFF2997EF9C00BE05A0 /* PBXTargetDependency */,
			);
			name = viaplaySectionsTests;
			productName = viaplaySectionsTests;
			productReference = 8480FFFD2997EF9C00BE05A0 /* viaplaySectionsTests.xctest */;
			productType = "com.apple.product-type.bundle.unit-test";
		};
/* End PBXNativeTarget section */

/* Begin PBXProject section */
		8480FFE42997EF9B00BE05A0 /* Project object */ = {
			isa = PBXProject;
			attributes = {
				BuildIndependentTargetsInParallel = 1;
				LastSwiftUpdateCheck = 1410;
				LastUpgradeCheck = 1410;
				TargetAttributes = {
					848000062997EF9C00BE05A0 = {
						CreatedOnToolsVersion = 14.1;
						TestTargetID = 8480FFEB2997EF9B00BE05A0;
					};
					8480FFEB2997EF9B00BE05A0 = {
						CreatedOnToolsVersion = 14.1;
					};
					8480FFFC2997EF9C00BE05A0 = {
						CreatedOnToolsVersion = 14.1;
						TestTargetID = 8480FFEB2997EF9B00BE05A0;
					};
				};
			};
			buildConfigurationList = 8480FFE72997EF9B00BE05A0 /* Build configuration list for PBXProject "viaplaySections" */;
			compatibilityVersion = "Xcode 14.0";
			developmentRegion = en;
			hasScannedForEncodings = 0;
			knownRegions = (
				en,
				Base,
			);
			mainGroup = 8480FFE32997EF9B00BE05A0;
			productRefGroup = 8480FFED2997EF9B00BE05A0 /* Products */;
			projectDirPath = "";
			projectRoot = "";
			targets = (
				8480FFEB2997EF9B00BE05A0 /* viaplaySections */,
				8480FFFC2997EF9C00BE05A0 /* viaplaySectionsTests */,
				848000062997EF9C00BE05A0 /* viaplaySectionsUITests */,
			);
		};
/* End PBXProject section */

/* Begin PBXResourcesBuildPhase section */
		848000052997EF9C00BE05A0 /* Resources */ = {
			isa = PBXResourcesBuildPhase;
			buildActionMask = 2147483647;
			files = (
			);
			runOnlyForDeploymentPostprocessing = 0;
		};
		8480FFEA2997EF9B00BE05A0 /* Resources */ = {
			isa = PBXResourcesBuildPhase;
			buildActionMask = 2147483647;
			files = (
				8480FFF82997EF9C00BE05A0 /* Preview Assets.xcassets in Resources */,
				8480FFF42997EF9C00BE05A0 /* Assets.xcassets in Resources */,
			);
			runOnlyForDeploymentPostprocessing = 0;
		};
		8480FFFB2997EF9C00BE05A0 /* Resources */ = {
			isa = PBXResourcesBuildPhase;
			buildActionMask = 2147483647;
			files = (
			);
			runOnlyForDeploymentPostprocessing = 0;
		};
/* End PBXResourcesBuildPhase section */

/* Begin PBXSourcesBuildPhase section */
		848000032997EF9C00BE05A0 /* Sources */ = {
			isa = PBXSourcesBuildPhase;
			buildActionMask = 2147483647;
			files = (
				8480000C2997EF9C00BE05A0 /* viaplaySectionsUITests.swift in Sources */,
				8480000E2997EF9C00BE05A0 /* viaplaySectionsUITestsLaunchTests.swift in Sources */,
			);
			runOnlyForDeploymentPostprocessing = 0;
		};
		8480FFE82997EF9B00BE05A0 /* Sources */ = {
			isa = PBXSourcesBuildPhase;
			buildActionMask = 2147483647;
			files = (
				8480001C2997F02600BE05A0 /* ViaplaySectionsViewModel.swift in Sources */,
				8480FFF22997EF9B00BE05A0 /* ViaplaySectionsView.swift in Sources */,
				8480FFF02997EF9B00BE05A0 /* viaplaySectionsApp.swift in Sources */,
			);
			runOnlyForDeploymentPostprocessing = 0;
		};
		8480FFF92997EF9C00BE05A0 /* Sources */ = {
			isa = PBXSourcesBuildPhase;
			buildActionMask = 2147483647;
			files = (
				848000022997EF9C00BE05A0 /* viaplaySectionsTests.swift in Sources */,
			);
			runOnlyForDeploymentPostprocessing = 0;
		};
/* End PBXSourcesBuildPhase section */

/* Begin PBXTargetDependency section */
		848000092997EF9C00BE05A0 /* PBXTargetDependency */ = {
			isa = PBXTargetDependency;
			target = 8480FFEB2997EF9B00BE05A0 /* viaplaySections */;
			targetProxy = 848000082997EF9C00BE05A0 /* PBXContainerItemProxy */;
		};
		8480FFFF2997EF9C00BE05A0 /* PBXTargetDependency */ = {
			isa = PBXTargetDependency;
			target = 8480FFEB2997EF9B00BE05A0 /* viaplaySections */;
			targetProxy = 8480FFFE2997EF9C00BE05A0 /* PBXContainerItemProxy */;
		};
/* End PBXTargetDependency section */

/* Begin XCBuildConfiguration section */
		8480000F2997EF9C00BE05A0 /* Debug */ = {
			isa = XCBuildConfiguration;
			buildSettings = {
				ALWAYS_SEARCH_USER_PATHS = NO;
				CLANG_ANALYZER_NONNULL = YES;
				CLANG_ANALYZER_NUMBER_OBJECT_CONVERSION = YES_AGGRESSIVE;
				CLANG_CXX_LANGUAGE_STANDARD = "gnu++20";
				CLANG_ENABLE_MODULES = YES;
				CLANG_ENABLE_OBJC_ARC = YES;
				CLANG_ENABLE_OBJC_WEAK = YES;
				CLANG_WARN_BLOCK_CAPTURE_AUTORELEASING = YES;
				CLANG_WARN_BOOL_CONVERSION = YES;
				CLANG_WARN_COMMA = YES;
				CLANG_WARN_CONSTANT_CONVERSION = YES;
				CLANG_WARN_DEPRECATED_OBJC_IMPLEMENTATIONS = YES;
				CLANG_WARN_DIRECT_OBJC_ISA_USAGE = YES_ERROR;
				CLANG_WARN_DOCUMENTATION_COMMENTS = YES;
				CLANG_WARN_EMPTY_BODY = YES;
				CLANG_WARN_ENUM_CONVERSION = YES;
				CLANG_WARN_INFINITE_RECURSION = YES;
				CLANG_WARN_INT_CONVERSION = YES;
				CLANG_WARN_NON_LITERAL_NULL_CONVERSION = YES;
				CLANG_WARN_OBJC_IMPLICIT_RETAIN_SELF = YES;
				CLANG_WARN_OBJC_LITERAL_CONVERSION = YES;
				CLANG_WARN_OBJC_ROOT_CLASS = YES_ERROR;
				CLANG_WARN_QUOTED_INCLUDE_IN_FRAMEWORK_HEADER = YES;
				CLANG_WARN_RANGE_LOOP_ANALYSIS = YES;
				CLANG_WARN_STRICT_PROTOTYPES = YES;
				CLANG_WARN_SUSPICIOUS_MOVE = YES;
				CLANG_WARN_UNGUARDED_AVAILABILITY = YES_AGGRESSIVE;
				CLANG_WARN_UNREACHABLE_CODE = YES;
				CLANG_WARN__DUPLICATE_METHOD_MATCH = YES;
				COPY_PHASE_STRIP = NO;
				DEBUG_INFORMATION_FORMAT = dwarf;
				ENABLE_STRICT_OBJC_MSGSEND = YES;
				ENABLE_TESTABILITY = YES;
				GCC_C_LANGUAGE_STANDARD = gnu11;
				GCC_DYNAMIC_NO_PIC = NO;
				GCC_NO_COMMON_BLOCKS = YES;
				GCC_OPTIMIZATION_LEVEL = 0;
				GCC_PREPROCESSOR_DEFINITIONS = (
					"DEBUG=1",
					"$(inherited)",
				);
				GCC_WARN_64_TO_32_BIT_CONVERSION = YES;
				GCC_WARN_ABOUT_RETURN_TYPE = YES_ERROR;
				GCC_WARN_UNDECLARED_SELECTOR = YES;
				GCC_WARN_UNINITIALIZED_AUTOS = YES_AGGRESSIVE;
				GCC_WARN_UNUSED_FUNCTION = YES;
				GCC_WARN_UNUSED_VARIABLE = YES;
				MTL_ENABLE_DEBUG_INFO = INCLUDE_SOURCE;
				MTL_FAST_MATH = YES;
				ONLY_ACTIVE_ARCH = YES;
				SWIFT_ACTIVE_COMPILATION_CONDITIONS = DEBUG;
				SWIFT_OPTIMIZATION_LEVEL = "-Onone";
			};
			name = Debug;
		};
		848000102997EF9C00BE05A0 /* Release */ = {
			isa = XCBuildConfiguration;
			buildSettings = {
				ALWAYS_SEARCH_USER_PATHS = NO;
				CLANG_ANALYZER_NONNULL = YES;
				CLANG_ANALYZER_NUMBER_OBJECT_CONVERSION = YES_AGGRESSIVE;
				CLANG_CXX_LANGUAGE_STANDARD = "gnu++20";
				CLANG_ENABLE_MODULES = YES;
				CLANG_ENABLE_OBJC_ARC = YES;
				CLANG_ENABLE_OBJC_WEAK = YES;
				CLANG_WARN_BLOCK_CAPTURE_AUTORELEASING = YES;
				CLANG_WARN_BOOL_CONVERSION = YES;
				CLANG_WARN_COMMA = YES;
				CLANG_WARN_CONSTANT_CONVERSION = YES;
				CLANG_WARN_DEPRECATED_OBJC_IMPLEMENTATIONS = YES;
				CLANG_WARN_DIRECT_OBJC_ISA_USAGE = YES_ERROR;
				CLANG_WARN_DOCUMENTATION_COMMENTS = YES;
				CLANG_WARN_EMPTY_BODY = YES;
				CLANG_WARN_ENUM_CONVERSION = YES;
				CLANG_WARN_INFINITE_RECURSION = YES;
				CLANG_WARN_INT_CONVERSION = YES;
				CLANG_WARN_NON_LITERAL_NULL_CONVERSION = YES;
				CLANG_WARN_OBJC_IMPLICIT_RETAIN_SELF = YES;
				CLANG_WARN_OBJC_LITERAL_CONVERSION = YES;
				CLANG_WARN_OBJC_ROOT_CLASS = YES_ERROR;
				CLANG_WARN_QUOTED_INCLUDE_IN_FRAMEWORK_HEADER = YES;
				CLANG_WARN_RANGE_LOOP_ANALYSIS = YES;
				CLANG_WARN_STRICT_PROTOTYPES = YES;
				CLANG_WARN_SUSPICIOUS_MOVE = YES;
				CLANG_WARN_UNGUARDED_AVAILABILITY = YES_AGGRESSIVE;
				CLANG_WARN_UNREACHABLE_CODE = YES;
				CLANG_WARN__DUPLICATE_METHOD_MATCH = YES;
				COPY_PHASE_STRIP = NO;
				DEBUG_INFORMATION_FORMAT = "dwarf-with-dsym";
				ENABLE_NS_ASSERTIONS = NO;
				ENABLE_STRICT_OBJC_MSGSEND = YES;
				GCC_C_LANGUAGE_STANDARD = gnu11;
				GCC_NO_COMMON_BLOCKS = YES;
				GCC_WARN_64_TO_32_BIT_CONVERSION = YES;
				GCC_WARN_ABOUT_RETURN_TYPE = YES_ERROR;
				GCC_WARN_UNDECLARED_SELECTOR = YES;
				GCC_WARN_UNINITIALIZED_AUTOS = YES_AGGRESSIVE;
				GCC_WARN_UNUSED_FUNCTION = YES;
				GCC_WARN_UNUSED_VARIABLE = YES;
				MTL_ENABLE_DEBUG_INFO = NO;
				MTL_FAST_MATH = YES;
				SWIFT_COMPILATION_MODE = wholemodule;
				SWIFT_OPTIMIZATION_LEVEL = "-O";
			};
			name = Release;
		};
		848000122997EF9C00BE05A0 /* Debug */ = {
			isa = XCBuildConfiguration;
			buildSettings = {
				ASSETCATALOG_COMPILER_APPICON_NAME = AppIcon;
				ASSETCATALOG_COMPILER_GLOBAL_ACCENT_COLOR_NAME = AccentColor;
				CODE_SIGN_ENTITLEMENTS = viaplaySections/viaplaySections.entitlements;
				CODE_SIGN_STYLE = Automatic;
				CURRENT_PROJECT_VERSION = 1;
				DEVELOPMENT_ASSET_PATHS = "\"viaplaySections/Preview Content\"";
				DEVELOPMENT_TEAM = L4NR36SDBC;
				ENABLE_HARDENED_RUNTIME = YES;
				ENABLE_PREVIEWS = YES;
				GENERATE_INFOPLIST_FILE = YES;
				"INFOPLIST_KEY_UIApplicationSceneManifest_Generation[sdk=iphoneos*]" = YES;
				"INFOPLIST_KEY_UIApplicationSceneManifest_Generation[sdk=iphonesimulator*]" = YES;
				"INFOPLIST_KEY_UIApplicationSupportsIndirectInputEvents[sdk=iphoneos*]" = YES;
				"INFOPLIST_KEY_UIApplicationSupportsIndirectInputEvents[sdk=iphonesimulator*]" = YES;
				"INFOPLIST_KEY_UILaunchScreen_Generation[sdk=iphoneos*]" = YES;
				"INFOPLIST_KEY_UILaunchScreen_Generation[sdk=iphonesimulator*]" = YES;
				"INFOPLIST_KEY_UIStatusBarStyle[sdk=iphoneos*]" = UIStatusBarStyleDefault;
				"INFOPLIST_KEY_UIStatusBarStyle[sdk=iphonesimulator*]" = UIStatusBarStyleDefault;
				INFOPLIST_KEY_UISupportedInterfaceOrientations_iPad = "UIInterfaceOrientationPortrait UIInterfaceOrientationPortraitUpsideDown UIInterfaceOrientationLandscapeLeft UIInterfaceOrientationLandscapeRight";
				INFOPLIST_KEY_UISupportedInterfaceOrientations_iPhone = "UIInterfaceOrientationPortrait UIInterfaceOrientationLandscapeLeft UIInterfaceOrientationLandscapeRight";
				IPHONEOS_DEPLOYMENT_TARGET = 15.0;
				LD_RUNPATH_SEARCH_PATHS = "@executable_path/Frameworks";
				"LD_RUNPATH_SEARCH_PATHS[sdk=macosx*]" = "@executable_path/../Frameworks";
				MACOSX_DEPLOYMENT_TARGET = 12.6;
				MARKETING_VERSION = 1.0;
				PRODUCT_BUNDLE_IDENTIFIER = com.NadyaRozhina.viaplaySections;
				PRODUCT_NAME = "$(TARGET_NAME)";
				SDKROOT = auto;
				SUPPORTED_PLATFORMS = "iphoneos iphonesimulator macosx";
				SWIFT_EMIT_LOC_STRINGS = YES;
				SWIFT_VERSION = 5.0;
				TARGETED_DEVICE_FAMILY = "1,2";
			};
			name = Debug;
		};
		848000132997EF9C00BE05A0 /* Release */ = {
			isa = XCBuildConfiguration;
			buildSettings = {
				ASSETCATALOG_COMPILER_APPICON_NAME = AppIcon;
				ASSETCATALOG_COMPILER_GLOBAL_ACCENT_COLOR_NAME = AccentColor;
				CODE_SIGN_ENTITLEMENTS = viaplaySections/viaplaySections.entitlements;
				CODE_SIGN_STYLE = Automatic;
				CURRENT_PROJECT_VERSION = 1;
				DEVELOPMENT_ASSET_PATHS = "\"viaplaySections/Preview Content\"";
				DEVELOPMENT_TEAM = L4NR36SDBC;
				ENABLE_HARDENED_RUNTIME = YES;
				ENABLE_PREVIEWS = YES;
				GENERATE_INFOPLIST_FILE = YES;
				"INFOPLIST_KEY_UIApplicationSceneManifest_Generation[sdk=iphoneos*]" = YES;
				"INFOPLIST_KEY_UIApplicationSceneManifest_Generation[sdk=iphonesimulator*]" = YES;
				"INFOPLIST_KEY_UIApplicationSupportsIndirectInputEvents[sdk=iphoneos*]" = YES;
				"INFOPLIST_KEY_UIApplicationSupportsIndirectInputEvents[sdk=iphonesimulator*]" = YES;
				"INFOPLIST_KEY_UILaunchScreen_Generation[sdk=iphoneos*]" = YES;
				"INFOPLIST_KEY_UILaunchScreen_Generation[sdk=iphonesimulator*]" = YES;
				"INFOPLIST_KEY_UIStatusBarStyle[sdk=iphoneos*]" = UIStatusBarStyleDefault;
				"INFOPLIST_KEY_UIStatusBarStyle[sdk=iphonesimulator*]" = UIStatusBarStyleDefault;
				INFOPLIST_KEY_UISupportedInterfaceOrientations_iPad = "UIInterfaceOrientationPortrait UIInterfaceOrientationPortraitUpsideDown UIInterfaceOrientationLandscapeLeft UIInterfaceOrientationLandscapeRight";
				INFOPLIST_KEY_UISupportedInterfaceOrientations_iPhone = "UIInterfaceOrientationPortrait UIInterfaceOrientationLandscapeLeft UIInterfaceOrientationLandscapeRight";
				IPHONEOS_DEPLOYMENT_TARGET = 15.0;
				LD_RUNPATH_SEARCH_PATHS = "@executable_path/Frameworks";
				"LD_RUNPATH_SEARCH_PATHS[sdk=macosx*]" = "@executable_path/../Frameworks";
				MACOSX_DEPLOYMENT_TARGET = 12.6;
				MARKETING_VERSION = 1.0;
				PRODUCT_BUNDLE_IDENTIFIER = com.NadyaRozhina.viaplaySections;
				PRODUCT_NAME = "$(TARGET_NAME)";
				SDKROOT = auto;
				SUPPORTED_PLATFORMS = "iphoneos iphonesimulator macosx";
				SWIFT_EMIT_LOC_STRINGS = YES;
				SWIFT_VERSION = 5.0;
				TARGETED_DEVICE_FAMILY = "1,2";
			};
			name = Release;
		};
		848000152997EF9C00BE05A0 /* Debug */ = {
			isa = XCBuildConfiguration;
			buildSettings = {
				ALWAYS_EMBED_SWIFT_STANDARD_LIBRARIES = YES;
				BUNDLE_LOADER = "$(TEST_HOST)";
				CODE_SIGN_STYLE = Automatic;
				CURRENT_PROJECT_VERSION = 1;
				DEVELOPMENT_TEAM = L4NR36SDBC;
				GENERATE_INFOPLIST_FILE = YES;
				IPHONEOS_DEPLOYMENT_TARGET = 16.1;
				MACOSX_DEPLOYMENT_TARGET = 12.6;
				MARKETING_VERSION = 1.0;
				PRODUCT_BUNDLE_IDENTIFIER = com.NadyaRozhina.viaplaySectionsTests;
				PRODUCT_NAME = "$(TARGET_NAME)";
				SDKROOT = auto;
				SUPPORTED_PLATFORMS = "iphoneos iphonesimulator macosx";
				SWIFT_EMIT_LOC_STRINGS = NO;
				SWIFT_VERSION = 5.0;
				TARGETED_DEVICE_FAMILY = "1,2";
				TEST_HOST = "$(BUILT_PRODUCTS_DIR)/viaplaySections.app/$(BUNDLE_EXECUTABLE_FOLDER_PATH)/viaplaySections";
			};
			name = Debug;
		};
		848000162997EF9C00BE05A0 /* Release */ = {
			isa = XCBuildConfiguration;
			buildSettings = {
				ALWAYS_EMBED_SWIFT_STANDARD_LIBRARIES = YES;
				BUNDLE_LOADER = "$(TEST_HOST)";
				CODE_SIGN_STYLE = Automatic;
				CURRENT_PROJECT_VERSION = 1;
				DEVELOPMENT_TEAM = L4NR36SDBC;
				GENERATE_INFOPLIST_FILE = YES;
				IPHONEOS_DEPLOYMENT_TARGET = 16.1;
				MACOSX_DEPLOYMENT_TARGET = 12.6;
				MARKETING_VERSION = 1.0;
				PRODUCT_BUNDLE_IDENTIFIER = com.NadyaRozhina.viaplaySectionsTests;
				PRODUCT_NAME = "$(TARGET_NAME)";
				SDKROOT = auto;
				SUPPORTED_PLATFORMS = "iphoneos iphonesimulator macosx";
				SWIFT_EMIT_LOC_STRINGS = NO;
				SWIFT_VERSION = 5.0;
				TARGETED_DEVICE_FAMILY = "1,2";
				TEST_HOST = "$(BUILT_PRODUCTS_DIR)/viaplaySections.app/$(BUNDLE_EXECUTABLE_FOLDER_PATH)/viaplaySections";
			};
			name = Release;
		};
		848000182997EF9C00BE05A0 /* Debug */ = {
			isa = XCBuildConfiguration;
			buildSettings = {
				ALWAYS_EMBED_SWIFT_STANDARD_LIBRARIES = YES;
				CODE_SIGN_STYLE = Automatic;
				CURRENT_PROJECT_VERSION = 1;
				DEVELOPMENT_TEAM = L4NR36SDBC;
				GENERATE_INFOPLIST_FILE = YES;
				IPHONEOS_DEPLOYMENT_TARGET = 16.1;
				MACOSX_DEPLOYMENT_TARGET = 12.6;
				MARKETING_VERSION = 1.0;
				PRODUCT_BUNDLE_IDENTIFIER = com.NadyaRozhina.viaplaySectionsUITests;
				PRODUCT_NAME = "$(TARGET_NAME)";
				SDKROOT = auto;
				SUPPORTED_PLATFORMS = "iphoneos iphonesimulator macosx";
				SWIFT_EMIT_LOC_STRINGS = NO;
				SWIFT_VERSION = 5.0;
				TARGETED_DEVICE_FAMILY = "1,2";
				TEST_TARGET_NAME = viaplaySections;
			};
			name = Debug;
		};
		848000192997EF9C00BE05A0 /* Release */ = {
			isa = XCBuildConfiguration;
			buildSettings = {
				ALWAYS_EMBED_SWIFT_STANDARD_LIBRARIES = YES;
				CODE_SIGN_STYLE = Automatic;
				CURRENT_PROJECT_VERSION = 1;
				DEVELOPMENT_TEAM = L4NR36SDBC;
				GENERATE_INFOPLIST_FILE = YES;
				IPHONEOS_DEPLOYMENT_TARGET = 16.1;
				MACOSX_DEPLOYMENT_TARGET = 12.6;
				MARKETING_VERSION = 1.0;
				PRODUCT_BUNDLE_IDENTIFIER = com.NadyaRozhina.viaplaySectionsUITests;
				PRODUCT_NAME = "$(TARGET_NAME)";
				SDKROOT = auto;
				SUPPORTED_PLATFORMS = "iphoneos iphonesimulator macosx";
				SWIFT_EMIT_LOC_STRINGS = NO;
				SWIFT_VERSION = 5.0;
				TARGETED_DEVICE_FAMILY = "1,2";
				TEST_TARGET_NAME = viaplaySections;
			};
			name = Release;
		};
/* End XCBuildConfiguration section */

/* Begin XCConfigurationList section */
		848000112997EF9C00BE05A0 /* Build configuration list for PBXNativeTarget "viaplaySections" */ = {
			isa = XCConfigurationList;
			buildConfigurations = (
				848000122997EF9C00BE05A0 /* Debug */,
				848000132997EF9C00BE05A0 /* Release */,
			);
			defaultConfigurationIsVisible = 0;
			defaultConfigurationName = Release;
		};
		848000142997EF9C00BE05A0 /* Build configuration list for PBXNativeTarget "viaplaySectionsTests" */ = {
			isa = XCConfigurationList;
			buildConfigurations = (
				848000152997EF9C00BE05A0 /* Debug */,
				848000162997EF9C00BE05A0 /* Release */,
			);
			defaultConfigurationIsVisible = 0;
			defaultConfigurationName = Release;
		};
		848000172997EF9C00BE05A0 /* Build configuration list for PBXNativeTarget "viaplaySectionsUITests" */ = {
			isa = XCConfigurationList;
			buildConfigurations = (
				848000182997EF9C00BE05A0 /* Debug */,
				848000192997EF9C00BE05A0 /* Release */,
			);
			defaultConfigurationIsVisible = 0;
			defaultConfigurationName = Release;
		};
		8480FFE72997EF9B00BE05A0 /* Build configuration list for PBXProject "viaplaySections" */ = {
			isa = XCConfigurationList;
			buildConfigurations = (
				8480000F2997EF9C00BE05A0 /* Debug */,
				848000102997EF9C00BE05A0 /* Release */,
			);
			defaultConfigurationIsVisible = 0;
			defaultConfigurationName = Release;
		};
/* End XCConfigurationList section */
	};
	rootObject = 8480FFE42997EF9B00BE05A0 /* Project object */;
}
